
Microsoft Visual Studio Solution File, Format Version 12.00
# Visual Studio Version 17
VisualStudioVersion = 17.12.35527.113
MinimumVisualStudioVersion = 10.0.40219.1
Project("{2150E333-8FDC-42A3-9474-1A3956D46DE8}") = "src", "src", "{827E0CD3-B72D-47B6-A68D-7590B98EB39B}"
EndProject
Project("{FAE04EC0-301F-11D3-BF4B-00C04F79EFBC}") = "TaskApi", "src\TaskApi\TaskApi.csproj", "{2D7A5CC3-08C7-4E29-AD6A-6AE0164526A8}"
EndProject
Project("{FAE04EC0-301F-11D3-BF4B-00C04F79EFBC}") = "TaskApi.Data", "src\TaskApi.Data\TaskApi.Data.csproj", "{ECAD58F6-8DD2-4DA1-800C-3AF3A457302E}"
EndProject
Project("{2150E333-8FDC-42A3-9474-1A3956D46DE8}") = "Solution Items", "Solution Items", "{8EC462FD-D22E-90A8-E5CE-7E832BA40C5D}"
	ProjectSection(SolutionItems) = preProject
		.dockerignore = .dockerignore
		Dockerfile = Dockerfile
	EndProjectSection
EndProject
Global
	GlobalSection(SolutionConfigurationPlatforms) = preSolution
		Debug|Any CPU = Debug|Any CPU
		Debug|x64 = Debug|x64
		Debug|x86 = Debug|x86
		Release|Any CPU = Release|Any CPU
		Release|x64 = Release|x64
		Release|x86 = Release|x86
	EndGlobalSection
	GlobalSection(ProjectConfigurationPlatforms) = postSolution
		{2D7A5CC3-08C7-4E29-AD6A-6AE0164526A8}.Debug|Any CPU.ActiveCfg = Debug|Any CPU
		{2D7A5CC3-08C7-4E29-AD6A-6AE0164526A8}.Debug|Any CPU.Build.0 = Debug|Any CPU
		{2D7A5CC3-08C7-4E29-AD6A-6AE0164526A8}.Debug|x64.ActiveCfg = Debug|Any CPU
		{2D7A5CC3-08C7-4E29-AD6A-6AE0164526A8}.Debug|x64.Build.0 = Debug|Any CPU
		{2D7A5CC3-08C7-4E29-AD6A-6AE0164526A8}.Debug|x86.ActiveCfg = Debug|Any CPU
		{2D7A5CC3-08C7-4E29-AD6A-6AE0164526A8}.Debug|x86.Build.0 = Debug|Any CPU
		{2D7A5CC3-08C7-4E29-AD6A-6AE0164526A8}.Release|Any CPU.ActiveCfg = Release|Any CPU
		{2D7A5CC3-08C7-4E29-AD6A-6AE0164526A8}.Release|Any CPU.Build.0 = Release|Any CPU
		{2D7A5CC3-08C7-4E29-AD6A-6AE0164526A8}.Release|x64.ActiveCfg = Release|Any CPU
		{2D7A5CC3-08C7-4E29-AD6A-6AE0164526A8}.Release|x64.Build.0 = Release|Any CPU
		{2D7A5CC3-08C7-4E29-AD6A-6AE0164526A8}.Release|x86.ActiveCfg = Release|Any CPU
		{2D7A5CC3-08C7-4E29-AD6A-6AE0164526A8}.Release|x86.Build.0 = Release|Any CPU
		{ECAD58F6-8DD2-4DA1-800C-3AF3A457302E}.Debug|Any CPU.ActiveCfg = Debug|Any CPU
		{ECAD58F6-8DD2-4DA1-800C-3AF3A457302E}.Debug|Any CPU.Build.0 = Debug|Any CPU
		{ECAD58F6-8DD2-4DA1-800C-3AF3A457302E}.Debug|x64.ActiveCfg = Debug|Any CPU
		{ECAD58F6-8DD2-4DA1-800C-3AF3A457302E}.Debug|x64.Build.0 = Debug|Any CPU
		{ECAD58F6-8DD2-4DA1-800C-3AF3A457302E}.Debug|x86.ActiveCfg = Debug|Any CPU
		{ECAD58F6-8DD2-4DA1-800C-3AF3A457302E}.Debug|x86.Build.0 = Debug|Any CPU
		{ECAD58F6-8DD2-4DA1-800C-3AF3A457302E}.Release|Any CPU.ActiveCfg = Release|Any CPU
		{ECAD58F6-8DD2-4DA1-800C-3AF3A457302E}.Release|Any CPU.Build.0 = Release|Any CPU
		{ECAD58F6-8DD2-4DA1-800C-3AF3A457302E}.Release|x64.ActiveCfg = Release|Any CPU
		{ECAD58F6-8DD2-4DA1-800C-3AF3A457302E}.Release|x64.Build.0 = Release|Any CPU
		{ECAD58F6-8DD2-4DA1-800C-3AF3A457302E}.Release|x86.ActiveCfg = Release|Any CPU
		{ECAD58F6-8DD2-4DA1-800C-3AF3A457302E}.Release|x86.Build.0 = Release|Any CPU
	EndGlobalSection
	GlobalSection(SolutionProperties) = preSolution
		HideSolutionNode = FALSE
	EndGlobalSection
	GlobalSection(NestedProjects) = preSolution
		{2D7A5CC3-08C7-4E29-AD6A-6AE0164526A8} = {827E0CD3-B72D-47B6-A68D-7590B98EB39B}
		{ECAD58F6-8DD2-4DA1-800C-3AF3A457302E} = {827E0CD3-B72D-47B6-A68D-7590B98EB39B}
	EndGlobalSection
	GlobalSection(ExtensibilityGlobals) = postSolution
		SolutionGuid = {38E919A0-ABA2-42ED-94F3-541947C8776D}
	EndGlobalSection
EndGlobal
